
Microsoft Visual Studio Solution File, Format Version 12.00
# Visual Studio Version 16
VisualStudioVersion = 16.0.30907.101
MinimumVisualStudioVersion = 10.0.40219.1
Project("{FAE04EC0-301F-11D3-BF4B-00C04F79EFBC}") = "ConsoleApp4", "ConsoleApp4.csproj", "{8DC9EAE8-8AD9-4072-8710-788358EBEF45}"
EndProject
Project("{FAE04EC0-301F-11D3-BF4B-00C04F79EFBC}") = "Задача 6", "..\Задача 6\Задача 6.csproj", "{21250D1E-28FD-4FE0-B54B-6D0F71030E6C}"
EndProject
Project("{FAE04EC0-301F-11D3-BF4B-00C04F79EFBC}") = "Номер 8", "..\Номер 8\Номер 8.csproj", "{5F7BBF88-B0B1-4AFB-B024-622A8F3D0007}"
EndProject
Global
	GlobalSection(SolutionConfigurationPlatforms) = preSolution
		Debug|Any CPU = Debug|Any CPU
		Release|Any CPU = Release|Any CPU
	EndGlobalSection
	GlobalSection(ProjectConfigurationPlatforms) = postSolution
		{8DC9EAE8-8AD9-4072-8710-788358EBEF45}.Debug|Any CPU.ActiveCfg = Debug|Any CPU
		{8DC9EAE8-8AD9-4072-8710-788358EBEF45}.Debug|Any CPU.Build.0 = Debug|Any CPU
		{8DC9EAE8-8AD9-4072-8710-788358EBEF45}.Release|Any CPU.ActiveCfg = Release|Any CPU
		{8DC9EAE8-8AD9-4072-8710-788358EBEF45}.Release|Any CPU.Build.0 = Release|Any CPU
		{21250D1E-28FD-4FE0-B54B-6D0F71030E6C}.Debug|Any CPU.ActiveCfg = Debug|Any CPU
		{21250D1E-28FD-4FE0-B54B-6D0F71030E6C}.Debug|Any CPU.Build.0 = Debug|Any CPU
		{21250D1E-28FD-4FE0-B54B-6D0F71030E6C}.Release|Any CPU.ActiveCfg = Release|Any CPU
		{21250D1E-28FD-4FE0-B54B-6D0F71030E6C}.Release|Any CPU.Build.0 = Release|Any CPU
		{5F7BBF88-B0B1-4AFB-B024-622A8F3D0007}.Debug|Any CPU.ActiveCfg = Debug|Any CPU
		{5F7BBF88-B0B1-4AFB-B024-622A8F3D0007}.Debug|Any CPU.Build.0 = Debug|Any CPU
		{5F7BBF88-B0B1-4AFB-B024-622A8F3D0007}.Release|Any CPU.ActiveCfg = Release|Any CPU
		{5F7BBF88-B0B1-4AFB-B024-622A8F3D0007}.Release|Any CPU.Build.0 = Release|Any CPU
	EndGlobalSection
	GlobalSection(SolutionProperties) = preSolution
		HideSolutionNode = FALSE
	EndGlobalSection
	GlobalSection(ExtensibilityGlobals) = postSolution
		SolutionGuid = {A1BAF8EA-637C-4450-A32A-609839CCF36E}
	EndGlobalSection
EndGlobal
